
Microsoft Visual Studio Solution File, Format Version 12.00
# Visual Studio 14
VisualStudioVersion = 14.0.25420.1
MinimumVisualStudioVersion = 10.0.40219.1
Project("{2150E333-8FDC-42A3-9474-1A3956D46DE8}") = "src", "src", "{DF522B0E-0D08-48E8-9DF3-CA6E4E965BC1}"
EndProject
Project("{2150E333-8FDC-42A3-9474-1A3956D46DE8}") = "Solution Items", "Solution Items", "{B5983E7E-B02D-4797-8F4E-4B18A44007CA}"
	ProjectSection(SolutionItems) = preProject
		global.json = global.json
	EndProjectSection
EndProject
Project("{8BB2217D-0F2D-49D1-97BC-3654ED321F3B}") = "WebAppDotNetCore100", "src\WebAppDotNetCore100\WebAppDotNetCore100.xproj", "{AF9B8771-AA01-4CEF-95EF-C6E480B7B53F}"
EndProject
Global
	GlobalSection(SolutionConfigurationPlatforms) = preSolution
		Debug|Any CPU = Debug|Any CPU
		Release|Any CPU = Release|Any CPU
	EndGlobalSection
	GlobalSection(ProjectConfigurationPlatforms) = postSolution
		{AF9B8771-AA01-4CEF-95EF-C6E480B7B53F}.Debug|Any CPU.ActiveCfg = Debug|Any CPU
		{AF9B8771-AA01-4CEF-95EF-C6E480B7B53F}.Debug|Any CPU.Build.0 = Debug|Any CPU
		{AF9B8771-AA01-4CEF-95EF-C6E480B7B53F}.Release|Any CPU.ActiveCfg = Release|Any CPU
		{AF9B8771-AA01-4CEF-95EF-C6E480B7B53F}.Release|Any CPU.Build.0 = Release|Any CPU
	EndGlobalSection
	GlobalSection(SolutionProperties) = preSolution
		HideSolutionNode = FALSE
	EndGlobalSection
	GlobalSection(NestedProjects) = preSolution
		{AF9B8771-AA01-4CEF-95EF-C6E480B7B53F} = {DF522B0E-0D08-48E8-9DF3-CA6E4E965BC1}
	EndGlobalSection
EndGlobal
